
Microsoft Visual Studio Solution File, Format Version 12.00
# Visual Studio 14
VisualStudioVersion = 14.0.23107.0
MinimumVisualStudioVersion = 10.0.40219.1
Project("{FAE04EC0-301F-11D3-BF4B-00C04F79EFBC}") = "Presentation.Api", "ValantTest\Presentation.Api.csproj", "{09A5B8F9-7B67-463A-8F30-7611BF22CBE6}"
EndProject
Project("{2150E333-8FDC-42A3-9474-1A3956D46DE8}") = "Layers", "Layers", "{2C08FAA8-8BA8-4C98-B777-B0EEBFBEA8D0}"
EndProject
Project("{2150E333-8FDC-42A3-9474-1A3956D46DE8}") = "1.0 - Client", "1.0 - Client", "{401B3F57-E68B-48EC-825C-80C25A42BE84}"
EndProject
Project("{2150E333-8FDC-42A3-9474-1A3956D46DE8}") = "1.1 - Presentation", "1.1 - Presentation", "{88149C63-9401-4300-8FCE-2ED495E7CCAD}"
EndProject
Project("{2150E333-8FDC-42A3-9474-1A3956D46DE8}") = "1.2 - Application", "1.2 - Application", "{BDB6C2B2-D72A-4CED-9370-B9F612CCD14C}"
EndProject
Project("{2150E333-8FDC-42A3-9474-1A3956D46DE8}") = "1.3 - Domain", "1.3 - Domain", "{C94B229E-6B7C-4119-8905-0699196D087D}"
EndProject
Project("{2150E333-8FDC-42A3-9474-1A3956D46DE8}") = "1.4 - Data", "1.4 - Data", "{47366ED5-8AAC-4B8B-B0E3-9C13084B6850}"
EndProject
Project("{2150E333-8FDC-42A3-9474-1A3956D46DE8}") = "1.5 - Infrastucrure", "1.5 - Infrastucrure", "{70133F08-A26A-4FE7-8156-9C71724EBB16}"
EndProject
Project("{FAE04EC0-301F-11D3-BF4B-00C04F79EFBC}") = "Application.DTO", "Application.DTO\Application.DTO.csproj", "{219AB505-6638-48A0-B177-43DF10251C85}"
EndProject
Project("{FAE04EC0-301F-11D3-BF4B-00C04F79EFBC}") = "Application.Services", "Application.Services\Application.Services.csproj", "{E2A7F88B-E0B2-4C2C-BD89-37A9A232BA6B}"
EndProject
Project("{FAE04EC0-301F-11D3-BF4B-00C04F79EFBC}") = "Domain.Model", "Domain.Model\Domain.Model.csproj", "{31553948-C04D-419A-A060-7262AD59E87F}"
EndProject
Project("{FAE04EC0-301F-11D3-BF4B-00C04F79EFBC}") = "Domain.Core", "Domain.Core\Domain.Core.csproj", "{C23CADD0-E565-426C-B14D-042DCDB53FA2}"
EndProject
Project("{FAE04EC0-301F-11D3-BF4B-00C04F79EFBC}") = "Domain.Services", "Domain.Services\Domain.Services.csproj", "{D31A664E-D190-4C6F-8B5B-1025A50A6ECD}"
EndProject
Project("{FAE04EC0-301F-11D3-BF4B-00C04F79EFBC}") = "Data.Repository", "DataRepository\Data.Repository.csproj", "{5FF00E44-7450-4DBA-B762-A41BAAD72850}"
EndProject
Project("{FAE04EC0-301F-11D3-BF4B-00C04F79EFBC}") = "Infrastructure.CrossCutting", "Infrastructure.CrossCutting\Infrastructure.CrossCutting.csproj", "{3C29F231-6A6E-42BA-B7A2-D4D4DFC0FD3F}"
EndProject
Project("{FAE04EC0-301F-11D3-BF4B-00C04F79EFBC}") = "Data.Gateway", "Data.Gateway\Data.Gateway.csproj", "{D4D8A4BE-E286-449C-8FEA-33A3A0BB15B2}"
EndProject
Project("{FAE04EC0-301F-11D3-BF4B-00C04F79EFBC}") = "Client.Sdk", "Client.Sdk\Client.Sdk.csproj", "{2FD9B67D-BBAE-4C7D-AF57-84B53861E75A}"
EndProject
Project("{2150E333-8FDC-42A3-9474-1A3956D46DE8}") = "Nuget", "Nuget", "{766819BE-5860-41D7-AB8B-B440A849E12E}"
	ProjectSection(SolutionItems) = preProject
		Nuget\nuget.exe = Nuget\nuget.exe
		Nuget\ValantTest.Client.Sdk.1.0.0.nupkg = Nuget\ValantTest.Client.Sdk.1.0.0.nupkg
	EndProjectSection
EndProject
Project("{FAE04EC0-301F-11D3-BF4B-00C04F79EFBC}") = "Presentation.Web", "Presentation.Web\Presentation.Web.csproj", "{684F7E6E-573C-4B08-8769-6AC25B65DCAA}"
EndProject
Project("{2150E333-8FDC-42A3-9474-1A3956D46DE8}") = "Tests", "Tests", "{A4D97BDB-8DFB-407D-A10C-6445972CC4BE}"
EndProject
Project("{FAE04EC0-301F-11D3-BF4B-00C04F79EFBC}") = "Application.Services.Tests", "Application.Services.Tests\Application.Services.Tests.csproj", "{A4EF544D-170F-4517-A3EA-C4C672A402E9}"
EndProject
Project("{2150E333-8FDC-42A3-9474-1A3956D46DE8}") = "Documentation", "Documentation", "{8D6A58C9-14A8-4ACC-8AD4-10C850A2A8A5}"
	ProjectSection(SolutionItems) = preProject
		Readme.txt = Readme.txt
	EndProjectSection
EndProject
Global
	GlobalSection(SolutionConfigurationPlatforms) = preSolution
		Debug|Any CPU = Debug|Any CPU
		Release|Any CPU = Release|Any CPU
	EndGlobalSection
	GlobalSection(ProjectConfigurationPlatforms) = postSolution
		{09A5B8F9-7B67-463A-8F30-7611BF22CBE6}.Debug|Any CPU.ActiveCfg = Debug|Any CPU
		{09A5B8F9-7B67-463A-8F30-7611BF22CBE6}.Debug|Any CPU.Build.0 = Debug|Any CPU
		{09A5B8F9-7B67-463A-8F30-7611BF22CBE6}.Release|Any CPU.ActiveCfg = Release|Any CPU
		{09A5B8F9-7B67-463A-8F30-7611BF22CBE6}.Release|Any CPU.Build.0 = Release|Any CPU
		{219AB505-6638-48A0-B177-43DF10251C85}.Debug|Any CPU.ActiveCfg = Debug|Any CPU
		{219AB505-6638-48A0-B177-43DF10251C85}.Debug|Any CPU.Build.0 = Debug|Any CPU
		{219AB505-6638-48A0-B177-43DF10251C85}.Release|Any CPU.ActiveCfg = Release|Any CPU
		{219AB505-6638-48A0-B177-43DF10251C85}.Release|Any CPU.Build.0 = Release|Any CPU
		{E2A7F88B-E0B2-4C2C-BD89-37A9A232BA6B}.Debug|Any CPU.ActiveCfg = Debug|Any CPU
		{E2A7F88B-E0B2-4C2C-BD89-37A9A232BA6B}.Debug|Any CPU.Build.0 = Debug|Any CPU
		{E2A7F88B-E0B2-4C2C-BD89-37A9A232BA6B}.Release|Any CPU.ActiveCfg = Release|Any CPU
		{E2A7F88B-E0B2-4C2C-BD89-37A9A232BA6B}.Release|Any CPU.Build.0 = Release|Any CPU
		{31553948-C04D-419A-A060-7262AD59E87F}.Debug|Any CPU.ActiveCfg = Debug|Any CPU
		{31553948-C04D-419A-A060-7262AD59E87F}.Debug|Any CPU.Build.0 = Debug|Any CPU
		{31553948-C04D-419A-A060-7262AD59E87F}.Release|Any CPU.ActiveCfg = Release|Any CPU
		{31553948-C04D-419A-A060-7262AD59E87F}.Release|Any CPU.Build.0 = Release|Any CPU
		{C23CADD0-E565-426C-B14D-042DCDB53FA2}.Debug|Any CPU.ActiveCfg = Debug|Any CPU
		{C23CADD0-E565-426C-B14D-042DCDB53FA2}.Debug|Any CPU.Build.0 = Debug|Any CPU
		{C23CADD0-E565-426C-B14D-042DCDB53FA2}.Release|Any CPU.ActiveCfg = Release|Any CPU
		{C23CADD0-E565-426C-B14D-042DCDB53FA2}.Release|Any CPU.Build.0 = Release|Any CPU
		{D31A664E-D190-4C6F-8B5B-1025A50A6ECD}.Debug|Any CPU.ActiveCfg = Debug|Any CPU
		{D31A664E-D190-4C6F-8B5B-1025A50A6ECD}.Debug|Any CPU.Build.0 = Debug|Any CPU
		{D31A664E-D190-4C6F-8B5B-1025A50A6ECD}.Release|Any CPU.ActiveCfg = Release|Any CPU
		{D31A664E-D190-4C6F-8B5B-1025A50A6ECD}.Release|Any CPU.Build.0 = Release|Any CPU
		{5FF00E44-7450-4DBA-B762-A41BAAD72850}.Debug|Any CPU.ActiveCfg = Debug|Any CPU
		{5FF00E44-7450-4DBA-B762-A41BAAD72850}.Debug|Any CPU.Build.0 = Debug|Any CPU
		{5FF00E44-7450-4DBA-B762-A41BAAD72850}.Release|Any CPU.ActiveCfg = Release|Any CPU
		{5FF00E44-7450-4DBA-B762-A41BAAD72850}.Release|Any CPU.Build.0 = Release|Any CPU
		{3C29F231-6A6E-42BA-B7A2-D4D4DFC0FD3F}.Debug|Any CPU.ActiveCfg = Debug|Any CPU
		{3C29F231-6A6E-42BA-B7A2-D4D4DFC0FD3F}.Debug|Any CPU.Build.0 = Debug|Any CPU
		{3C29F231-6A6E-42BA-B7A2-D4D4DFC0FD3F}.Release|Any CPU.ActiveCfg = Release|Any CPU
		{3C29F231-6A6E-42BA-B7A2-D4D4DFC0FD3F}.Release|Any CPU.Build.0 = Release|Any CPU
		{D4D8A4BE-E286-449C-8FEA-33A3A0BB15B2}.Debug|Any CPU.ActiveCfg = Debug|Any CPU
		{D4D8A4BE-E286-449C-8FEA-33A3A0BB15B2}.Debug|Any CPU.Build.0 = Debug|Any CPU
		{D4D8A4BE-E286-449C-8FEA-33A3A0BB15B2}.Release|Any CPU.ActiveCfg = Release|Any CPU
		{D4D8A4BE-E286-449C-8FEA-33A3A0BB15B2}.Release|Any CPU.Build.0 = Release|Any CPU
		{2FD9B67D-BBAE-4C7D-AF57-84B53861E75A}.Debug|Any CPU.ActiveCfg = Debug|Any CPU
		{2FD9B67D-BBAE-4C7D-AF57-84B53861E75A}.Debug|Any CPU.Build.0 = Debug|Any CPU
		{2FD9B67D-BBAE-4C7D-AF57-84B53861E75A}.Release|Any CPU.ActiveCfg = Release|Any CPU
		{2FD9B67D-BBAE-4C7D-AF57-84B53861E75A}.Release|Any CPU.Build.0 = Release|Any CPU
		{684F7E6E-573C-4B08-8769-6AC25B65DCAA}.Debug|Any CPU.ActiveCfg = Debug|Any CPU
		{684F7E6E-573C-4B08-8769-6AC25B65DCAA}.Debug|Any CPU.Build.0 = Debug|Any CPU
		{684F7E6E-573C-4B08-8769-6AC25B65DCAA}.Release|Any CPU.ActiveCfg = Release|Any CPU
		{684F7E6E-573C-4B08-8769-6AC25B65DCAA}.Release|Any CPU.Build.0 = Release|Any CPU
		{A4EF544D-170F-4517-A3EA-C4C672A402E9}.Debug|Any CPU.ActiveCfg = Debug|Any CPU
		{A4EF544D-170F-4517-A3EA-C4C672A402E9}.Debug|Any CPU.Build.0 = Debug|Any CPU
		{A4EF544D-170F-4517-A3EA-C4C672A402E9}.Release|Any CPU.ActiveCfg = Release|Any CPU
		{A4EF544D-170F-4517-A3EA-C4C672A402E9}.Release|Any CPU.Build.0 = Release|Any CPU
	EndGlobalSection
	GlobalSection(SolutionProperties) = preSolution
		HideSolutionNode = FALSE
	EndGlobalSection
	GlobalSection(NestedProjects) = preSolution
		{09A5B8F9-7B67-463A-8F30-7611BF22CBE6} = {88149C63-9401-4300-8FCE-2ED495E7CCAD}
		{401B3F57-E68B-48EC-825C-80C25A42BE84} = {2C08FAA8-8BA8-4C98-B777-B0EEBFBEA8D0}
		{88149C63-9401-4300-8FCE-2ED495E7CCAD} = {2C08FAA8-8BA8-4C98-B777-B0EEBFBEA8D0}
		{BDB6C2B2-D72A-4CED-9370-B9F612CCD14C} = {2C08FAA8-8BA8-4C98-B777-B0EEBFBEA8D0}
		{C94B229E-6B7C-4119-8905-0699196D087D} = {2C08FAA8-8BA8-4C98-B777-B0EEBFBEA8D0}
		{47366ED5-8AAC-4B8B-B0E3-9C13084B6850} = {2C08FAA8-8BA8-4C98-B777-B0EEBFBEA8D0}
		{70133F08-A26A-4FE7-8156-9C71724EBB16} = {2C08FAA8-8BA8-4C98-B777-B0EEBFBEA8D0}
		{219AB505-6638-48A0-B177-43DF10251C85} = {BDB6C2B2-D72A-4CED-9370-B9F612CCD14C}
		{E2A7F88B-E0B2-4C2C-BD89-37A9A232BA6B} = {BDB6C2B2-D72A-4CED-9370-B9F612CCD14C}
		{31553948-C04D-419A-A060-7262AD59E87F} = {C94B229E-6B7C-4119-8905-0699196D087D}
		{C23CADD0-E565-426C-B14D-042DCDB53FA2} = {C94B229E-6B7C-4119-8905-0699196D087D}
		{D31A664E-D190-4C6F-8B5B-1025A50A6ECD} = {C94B229E-6B7C-4119-8905-0699196D087D}
		{5FF00E44-7450-4DBA-B762-A41BAAD72850} = {47366ED5-8AAC-4B8B-B0E3-9C13084B6850}
		{3C29F231-6A6E-42BA-B7A2-D4D4DFC0FD3F} = {70133F08-A26A-4FE7-8156-9C71724EBB16}
		{D4D8A4BE-E286-449C-8FEA-33A3A0BB15B2} = {47366ED5-8AAC-4B8B-B0E3-9C13084B6850}
		{2FD9B67D-BBAE-4C7D-AF57-84B53861E75A} = {401B3F57-E68B-48EC-825C-80C25A42BE84}
		{684F7E6E-573C-4B08-8769-6AC25B65DCAA} = {88149C63-9401-4300-8FCE-2ED495E7CCAD}
		{A4D97BDB-8DFB-407D-A10C-6445972CC4BE} = {BDB6C2B2-D72A-4CED-9370-B9F612CCD14C}
		{A4EF544D-170F-4517-A3EA-C4C672A402E9} = {A4D97BDB-8DFB-407D-A10C-6445972CC4BE}
	EndGlobalSection
EndGlobal
